
Microsoft Visual Studio Solution File, Format Version 12.00
Project("{2150E333-8FDC-42A3-9474-1A3956D46DE8}") = "src", "src", "{508BF913-D70B-4B64-B4E2-1262C485AD36}"
EndProject
Project("{2150E333-8FDC-42A3-9474-1A3956D46DE8}") = "AuthService", "AuthService", "{9F7EF7B7-5B6D-4962-B3CA-BEEA988530B4}"
EndProject
Project("{2150E333-8FDC-42A3-9474-1A3956D46DE8}") = "EventsService", "EventsService", "{621E122D-A431-40E0-802E-3F7D24200458}"
EndProject
Project("{2150E333-8FDC-42A3-9474-1A3956D46DE8}") = "UserService", "UserService", "{1668EE37-A1F0-41C5-A876-F522266379FC}"
EndProject
Project("{2150E333-8FDC-42A3-9474-1A3956D46DE8}") = "NotificationService", "NotificationService", "{8DF4D808-5684-441A-9AD1-2EE649C345CE}"
EndProject
Project("{FAE04EC0-301F-11D3-BF4B-00C04F79EFBC}") = "AuthService.Api", "src\AuthService\AuthService.Api\AuthService.Api.csproj", "{3F22F5DA-3B13-4369-844F-47C18223B5B8}"
EndProject
Project("{FAE04EC0-301F-11D3-BF4B-00C04F79EFBC}") = "AuthService.Domain", "src\AuthService\AuthService.Domain\AuthService.Domain.csproj", "{9C4DE6F5-5FD2-4F8E-A981-CD0C41E0161B}"
EndProject
Project("{FAE04EC0-301F-11D3-BF4B-00C04F79EFBC}") = "AuthService.Infrastructure", "src\AuthService\AuthService.Infrastructure\AuthService.Infrastructure.csproj", "{3956D1D7-D18B-4294-B1F1-B6B3E0E3C0E3}"
EndProject
Project("{FAE04EC0-301F-11D3-BF4B-00C04F79EFBC}") = "AuthService.Application", "src\AuthService\AuthService.Application\AuthService.Application.csproj", "{15E088C0-E358-4AA7-8400-92C8921231EA}"
EndProject
Project("{FAE04EC0-301F-11D3-BF4B-00C04F79EFBC}") = "EventsService.Api", "src\EventsService\EventsService.Api\EventsService.Api.csproj", "{AC2C7875-0E94-48C6-86E4-E680B8316FE3}"
EndProject
Project("{FAE04EC0-301F-11D3-BF4B-00C04F79EFBC}") = "EventsService.Application", "src\EventsService\EventsService.Application\EventsService.Application.csproj", "{8D8C8EC5-313F-4C0E-9589-7542B4EFED4E}"
EndProject
Project("{FAE04EC0-301F-11D3-BF4B-00C04F79EFBC}") = "EventsService.Domain", "src\EventsService\EventsService.Domain\EventsService.Domain.csproj", "{1D0E2C5E-3DF5-4480-80A2-0AE088390E6D}"
EndProject
Project("{FAE04EC0-301F-11D3-BF4B-00C04F79EFBC}") = "EventsService.Infrastructure", "src\EventsService\EventsService.Infrastructure\EventsService.Infrastructure.csproj", "{02F31E4C-F09F-4B06-9BD0-1086A4E07B77}"
EndProject
Project("{FAE04EC0-301F-11D3-BF4B-00C04F79EFBC}") = "NotificationService.Application", "src\NotificationService\NotificationService.Application\NotificationService.Application.csproj", "{DB53D887-B3BB-4F7E-A0D0-94C7062653C6}"
EndProject
Project("{FAE04EC0-301F-11D3-BF4B-00C04F79EFBC}") = "NotificationService.Api", "src\NotificationService\NotificationService.Api\NotificationService.Api.csproj", "{5B85627E-1D20-4266-90D4-3460B027E4DD}"
EndProject
Project("{FAE04EC0-301F-11D3-BF4B-00C04F79EFBC}") = "NotificationService.Domain", "src\NotificationService\NotificationService.Domain\NotificationService.Domain.csproj", "{953988DB-3782-48EF-92CF-9987F938215A}"
EndProject
Project("{FAE04EC0-301F-11D3-BF4B-00C04F79EFBC}") = "NotificationService.Infrastructure", "src\NotificationService\NotificationService.Infrastructure\NotificationService.Infrastructure.csproj", "{FD30D319-D779-4115-98EA-75E3DF47AED6}"
EndProject
Project("{FAE04EC0-301F-11D3-BF4B-00C04F79EFBC}") = "UserService.Api", "src\UserService\UserService.Api\UserService.Api.csproj", "{A1D3BAE3-1CC3-4DE2-BD06-1CC1200B2D21}"
EndProject
Project("{FAE04EC0-301F-11D3-BF4B-00C04F79EFBC}") = "UserService.Domain", "src\UserService\UserService.Domain\UserService.Domain.csproj", "{B7B0B204-6533-40A7-8B66-D4E4FD4EE790}"
EndProject
Project("{FAE04EC0-301F-11D3-BF4B-00C04F79EFBC}") = "UserService.Infrastructure", "src\UserService\UserService.Infrastructure\UserService.Infrastructure.csproj", "{7F7D6C61-AA95-40D0-915A-E5D09D446AB9}"
EndProject
Project("{FAE04EC0-301F-11D3-BF4B-00C04F79EFBC}") = "UserService.Application", "src\UserService\UserService.Application\UserService.Application.csproj", "{24C2E629-1D4B-43B4-8CC3-2D697D3FE5FA}"
EndProject
Project("{2150E333-8FDC-42A3-9474-1A3956D46DE8}") = "SolutionItems", "SolutionItems", "{9CE909D4-D80F-4F55-ADCC-80BC7F2A7CB2}"
	ProjectSection(SolutionItems) = preProject
		docker-compose.yml = docker-compose.yml
		.env = .env
		..\..\Modsen\стажеру\stylecop.ruleset = ..\..\Modsen\стажеру\stylecop.ruleset
	EndProjectSection
EndProject
Project("{FAE04EC0-301F-11D3-BF4B-00C04F79EFBC}") = "NotificationService.GrpcServer", "src\NotificationService\NotificationService.GrpcServer\NotificationService.GrpcServer.csproj", "{E5C97AB6-EB85-4957-B299-7989E5346E11}"
EndProject
Project("{FAE04EC0-301F-11D3-BF4B-00C04F79EFBC}") = "AuthService.GrpcServer", "src\AuthService\AuthService.GrpcServer\AuthService.GrpcServer.csproj", "{6AFD5C8A-4B83-486E-BE13-40CEF59A0A2D}"
EndProject
Global
	GlobalSection(SolutionConfigurationPlatforms) = preSolution
		Debug|Any CPU = Debug|Any CPU
		Release|Any CPU = Release|Any CPU
	EndGlobalSection
	GlobalSection(NestedProjects) = preSolution
		{9F7EF7B7-5B6D-4962-B3CA-BEEA988530B4} = {508BF913-D70B-4B64-B4E2-1262C485AD36}
		{621E122D-A431-40E0-802E-3F7D24200458} = {508BF913-D70B-4B64-B4E2-1262C485AD36}
		{1668EE37-A1F0-41C5-A876-F522266379FC} = {508BF913-D70B-4B64-B4E2-1262C485AD36}
		{8DF4D808-5684-441A-9AD1-2EE649C345CE} = {508BF913-D70B-4B64-B4E2-1262C485AD36}
		{3F22F5DA-3B13-4369-844F-47C18223B5B8} = {9F7EF7B7-5B6D-4962-B3CA-BEEA988530B4}
		{9C4DE6F5-5FD2-4F8E-A981-CD0C41E0161B} = {9F7EF7B7-5B6D-4962-B3CA-BEEA988530B4}
		{3956D1D7-D18B-4294-B1F1-B6B3E0E3C0E3} = {9F7EF7B7-5B6D-4962-B3CA-BEEA988530B4}
		{15E088C0-E358-4AA7-8400-92C8921231EA} = {9F7EF7B7-5B6D-4962-B3CA-BEEA988530B4}
		{AC2C7875-0E94-48C6-86E4-E680B8316FE3} = {621E122D-A431-40E0-802E-3F7D24200458}
		{8D8C8EC5-313F-4C0E-9589-7542B4EFED4E} = {621E122D-A431-40E0-802E-3F7D24200458}
		{1D0E2C5E-3DF5-4480-80A2-0AE088390E6D} = {621E122D-A431-40E0-802E-3F7D24200458}
		{02F31E4C-F09F-4B06-9BD0-1086A4E07B77} = {621E122D-A431-40E0-802E-3F7D24200458}
		{DB53D887-B3BB-4F7E-A0D0-94C7062653C6} = {8DF4D808-5684-441A-9AD1-2EE649C345CE}
		{5B85627E-1D20-4266-90D4-3460B027E4DD} = {8DF4D808-5684-441A-9AD1-2EE649C345CE}
		{953988DB-3782-48EF-92CF-9987F938215A} = {8DF4D808-5684-441A-9AD1-2EE649C345CE}
		{FD30D319-D779-4115-98EA-75E3DF47AED6} = {8DF4D808-5684-441A-9AD1-2EE649C345CE}
		{A1D3BAE3-1CC3-4DE2-BD06-1CC1200B2D21} = {1668EE37-A1F0-41C5-A876-F522266379FC}
		{B7B0B204-6533-40A7-8B66-D4E4FD4EE790} = {1668EE37-A1F0-41C5-A876-F522266379FC}
		{7F7D6C61-AA95-40D0-915A-E5D09D446AB9} = {1668EE37-A1F0-41C5-A876-F522266379FC}
		{24C2E629-1D4B-43B4-8CC3-2D697D3FE5FA} = {1668EE37-A1F0-41C5-A876-F522266379FC}
		{E5C97AB6-EB85-4957-B299-7989E5346E11} = {8DF4D808-5684-441A-9AD1-2EE649C345CE}
		{6AFD5C8A-4B83-486E-BE13-40CEF59A0A2D} = {9F7EF7B7-5B6D-4962-B3CA-BEEA988530B4}
	EndGlobalSection
	GlobalSection(ProjectConfigurationPlatforms) = postSolution
		{3F22F5DA-3B13-4369-844F-47C18223B5B8}.Debug|Any CPU.ActiveCfg = Debug|Any CPU
		{3F22F5DA-3B13-4369-844F-47C18223B5B8}.Debug|Any CPU.Build.0 = Debug|Any CPU
		{3F22F5DA-3B13-4369-844F-47C18223B5B8}.Release|Any CPU.ActiveCfg = Release|Any CPU
		{3F22F5DA-3B13-4369-844F-47C18223B5B8}.Release|Any CPU.Build.0 = Release|Any CPU
		{9C4DE6F5-5FD2-4F8E-A981-CD0C41E0161B}.Debug|Any CPU.ActiveCfg = Debug|Any CPU
		{9C4DE6F5-5FD2-4F8E-A981-CD0C41E0161B}.Debug|Any CPU.Build.0 = Debug|Any CPU
		{9C4DE6F5-5FD2-4F8E-A981-CD0C41E0161B}.Release|Any CPU.ActiveCfg = Release|Any CPU
		{9C4DE6F5-5FD2-4F8E-A981-CD0C41E0161B}.Release|Any CPU.Build.0 = Release|Any CPU
		{3956D1D7-D18B-4294-B1F1-B6B3E0E3C0E3}.Debug|Any CPU.ActiveCfg = Debug|Any CPU
		{3956D1D7-D18B-4294-B1F1-B6B3E0E3C0E3}.Debug|Any CPU.Build.0 = Debug|Any CPU
		{3956D1D7-D18B-4294-B1F1-B6B3E0E3C0E3}.Release|Any CPU.ActiveCfg = Release|Any CPU
		{3956D1D7-D18B-4294-B1F1-B6B3E0E3C0E3}.Release|Any CPU.Build.0 = Release|Any CPU
		{15E088C0-E358-4AA7-8400-92C8921231EA}.Debug|Any CPU.ActiveCfg = Debug|Any CPU
		{15E088C0-E358-4AA7-8400-92C8921231EA}.Debug|Any CPU.Build.0 = Debug|Any CPU
		{15E088C0-E358-4AA7-8400-92C8921231EA}.Release|Any CPU.ActiveCfg = Release|Any CPU
		{15E088C0-E358-4AA7-8400-92C8921231EA}.Release|Any CPU.Build.0 = Release|Any CPU
		{AC2C7875-0E94-48C6-86E4-E680B8316FE3}.Debug|Any CPU.ActiveCfg = Debug|Any CPU
		{AC2C7875-0E94-48C6-86E4-E680B8316FE3}.Debug|Any CPU.Build.0 = Debug|Any CPU
		{AC2C7875-0E94-48C6-86E4-E680B8316FE3}.Release|Any CPU.ActiveCfg = Release|Any CPU
		{AC2C7875-0E94-48C6-86E4-E680B8316FE3}.Release|Any CPU.Build.0 = Release|Any CPU
		{8D8C8EC5-313F-4C0E-9589-7542B4EFED4E}.Debug|Any CPU.ActiveCfg = Debug|Any CPU
		{8D8C8EC5-313F-4C0E-9589-7542B4EFED4E}.Debug|Any CPU.Build.0 = Debug|Any CPU
		{8D8C8EC5-313F-4C0E-9589-7542B4EFED4E}.Release|Any CPU.ActiveCfg = Release|Any CPU
		{8D8C8EC5-313F-4C0E-9589-7542B4EFED4E}.Release|Any CPU.Build.0 = Release|Any CPU
		{1D0E2C5E-3DF5-4480-80A2-0AE088390E6D}.Debug|Any CPU.ActiveCfg = Debug|Any CPU
		{1D0E2C5E-3DF5-4480-80A2-0AE088390E6D}.Debug|Any CPU.Build.0 = Debug|Any CPU
		{1D0E2C5E-3DF5-4480-80A2-0AE088390E6D}.Release|Any CPU.ActiveCfg = Release|Any CPU
		{1D0E2C5E-3DF5-4480-80A2-0AE088390E6D}.Release|Any CPU.Build.0 = Release|Any CPU
		{02F31E4C-F09F-4B06-9BD0-1086A4E07B77}.Debug|Any CPU.ActiveCfg = Debug|Any CPU
		{02F31E4C-F09F-4B06-9BD0-1086A4E07B77}.Debug|Any CPU.Build.0 = Debug|Any CPU
		{02F31E4C-F09F-4B06-9BD0-1086A4E07B77}.Release|Any CPU.ActiveCfg = Release|Any CPU
		{02F31E4C-F09F-4B06-9BD0-1086A4E07B77}.Release|Any CPU.Build.0 = Release|Any CPU
		{DB53D887-B3BB-4F7E-A0D0-94C7062653C6}.Debug|Any CPU.ActiveCfg = Debug|Any CPU
		{DB53D887-B3BB-4F7E-A0D0-94C7062653C6}.Debug|Any CPU.Build.0 = Debug|Any CPU
		{DB53D887-B3BB-4F7E-A0D0-94C7062653C6}.Release|Any CPU.ActiveCfg = Release|Any CPU
		{DB53D887-B3BB-4F7E-A0D0-94C7062653C6}.Release|Any CPU.Build.0 = Release|Any CPU
		{5B85627E-1D20-4266-90D4-3460B027E4DD}.Debug|Any CPU.ActiveCfg = Debug|Any CPU
		{5B85627E-1D20-4266-90D4-3460B027E4DD}.Debug|Any CPU.Build.0 = Debug|Any CPU
		{5B85627E-1D20-4266-90D4-3460B027E4DD}.Release|Any CPU.ActiveCfg = Release|Any CPU
		{5B85627E-1D20-4266-90D4-3460B027E4DD}.Release|Any CPU.Build.0 = Release|Any CPU
		{953988DB-3782-48EF-92CF-9987F938215A}.Debug|Any CPU.ActiveCfg = Debug|Any CPU
		{953988DB-3782-48EF-92CF-9987F938215A}.Debug|Any CPU.Build.0 = Debug|Any CPU
		{953988DB-3782-48EF-92CF-9987F938215A}.Release|Any CPU.ActiveCfg = Release|Any CPU
		{953988DB-3782-48EF-92CF-9987F938215A}.Release|Any CPU.Build.0 = Release|Any CPU
		{FD30D319-D779-4115-98EA-75E3DF47AED6}.Debug|Any CPU.ActiveCfg = Debug|Any CPU
		{FD30D319-D779-4115-98EA-75E3DF47AED6}.Debug|Any CPU.Build.0 = Debug|Any CPU
		{FD30D319-D779-4115-98EA-75E3DF47AED6}.Release|Any CPU.ActiveCfg = Release|Any CPU
		{FD30D319-D779-4115-98EA-75E3DF47AED6}.Release|Any CPU.Build.0 = Release|Any CPU
		{A1D3BAE3-1CC3-4DE2-BD06-1CC1200B2D21}.Debug|Any CPU.ActiveCfg = Debug|Any CPU
		{A1D3BAE3-1CC3-4DE2-BD06-1CC1200B2D21}.Debug|Any CPU.Build.0 = Debug|Any CPU
		{A1D3BAE3-1CC3-4DE2-BD06-1CC1200B2D21}.Release|Any CPU.ActiveCfg = Release|Any CPU
		{A1D3BAE3-1CC3-4DE2-BD06-1CC1200B2D21}.Release|Any CPU.Build.0 = Release|Any CPU
		{B7B0B204-6533-40A7-8B66-D4E4FD4EE790}.Debug|Any CPU.ActiveCfg = Debug|Any CPU
		{B7B0B204-6533-40A7-8B66-D4E4FD4EE790}.Debug|Any CPU.Build.0 = Debug|Any CPU
		{B7B0B204-6533-40A7-8B66-D4E4FD4EE790}.Release|Any CPU.ActiveCfg = Release|Any CPU
		{B7B0B204-6533-40A7-8B66-D4E4FD4EE790}.Release|Any CPU.Build.0 = Release|Any CPU
		{7F7D6C61-AA95-40D0-915A-E5D09D446AB9}.Debug|Any CPU.ActiveCfg = Debug|Any CPU
		{7F7D6C61-AA95-40D0-915A-E5D09D446AB9}.Debug|Any CPU.Build.0 = Debug|Any CPU
		{7F7D6C61-AA95-40D0-915A-E5D09D446AB9}.Release|Any CPU.ActiveCfg = Release|Any CPU
		{7F7D6C61-AA95-40D0-915A-E5D09D446AB9}.Release|Any CPU.Build.0 = Release|Any CPU
		{24C2E629-1D4B-43B4-8CC3-2D697D3FE5FA}.Debug|Any CPU.ActiveCfg = Debug|Any CPU
		{24C2E629-1D4B-43B4-8CC3-2D697D3FE5FA}.Debug|Any CPU.Build.0 = Debug|Any CPU
		{24C2E629-1D4B-43B4-8CC3-2D697D3FE5FA}.Release|Any CPU.ActiveCfg = Release|Any CPU
		{24C2E629-1D4B-43B4-8CC3-2D697D3FE5FA}.Release|Any CPU.Build.0 = Release|Any CPU
		{E5C97AB6-EB85-4957-B299-7989E5346E11}.Debug|Any CPU.ActiveCfg = Debug|Any CPU
		{E5C97AB6-EB85-4957-B299-7989E5346E11}.Debug|Any CPU.Build.0 = Debug|Any CPU
		{E5C97AB6-EB85-4957-B299-7989E5346E11}.Release|Any CPU.ActiveCfg = Release|Any CPU
		{E5C97AB6-EB85-4957-B299-7989E5346E11}.Release|Any CPU.Build.0 = Release|Any CPU
		{6AFD5C8A-4B83-486E-BE13-40CEF59A0A2D}.Debug|Any CPU.ActiveCfg = Debug|Any CPU
		{6AFD5C8A-4B83-486E-BE13-40CEF59A0A2D}.Debug|Any CPU.Build.0 = Debug|Any CPU
		{6AFD5C8A-4B83-486E-BE13-40CEF59A0A2D}.Release|Any CPU.ActiveCfg = Release|Any CPU
		{6AFD5C8A-4B83-486E-BE13-40CEF59A0A2D}.Release|Any CPU.Build.0 = Release|Any CPU
	EndGlobalSection
EndGlobal
